
Microsoft Visual Studio Solution File, Format Version 12.00
# Visual Studio Version 16
VisualStudioVersion = 16.0.28803.452
MinimumVisualStudioVersion = 10.0.40219.1
Project("{FAE04EC0-301F-11D3-BF4B-00C04F79EFBC}") = "AspCoreIdentityMvc", "AspCoreIdentityMvc\AspCoreIdentityMvc.csproj", "{0A1560F1-92A8-424D-8D2C-6467D105BFB4}"
EndProject
Global
	GlobalSection(SolutionConfigurationPlatforms) = preSolution
		Debug|Any CPU = Debug|Any CPU
		Release|Any CPU = Release|Any CPU
	EndGlobalSection
	GlobalSection(ProjectConfigurationPlatforms) = postSolution
		{0A1560F1-92A8-424D-8D2C-6467D105BFB4}.Debug|Any CPU.ActiveCfg = Debug|Any CPU
		{0A1560F1-92A8-424D-8D2C-6467D105BFB4}.Debug|Any CPU.Build.0 = Debug|Any CPU
		{0A1560F1-92A8-424D-8D2C-6467D105BFB4}.Release|Any CPU.ActiveCfg = Release|Any CPU
		{0A1560F1-92A8-424D-8D2C-6467D105BFB4}.Release|Any CPU.Build.0 = Release|Any CPU
	EndGlobalSection
	GlobalSection(SolutionProperties) = preSolution
		HideSolutionNode = FALSE
	EndGlobalSection
	GlobalSection(ExtensibilityGlobals) = postSolution
		SolutionGuid = {C670ECA8-E275-4E4B-ACDF-90EDEEA2E612}
	EndGlobalSection
EndGlobal
